lockfileVersion: '6.0'

settings:
  autoInstallPeers: true
  excludeLinksFromLockfile: false

dependencies:
  ag-grid-community:
    specifier: ^30.2.0
    version: 30.2.0
  ag-grid-svelte:
    specifier: ^0.3.0
    version: 0.3.0(ag-grid-community@30.2.0)(svelte@3.59.2)

packages:

  /ag-grid-community@30.2.0:
    resolution: {integrity: sha512-Gd6GXmtzEQSCDloBdRxxCDqnjTBRAOf/zzlaxxyyVBJgc+cePuNgGdplRUhT/rwIiDwvyuoynvxelVE/iYdXsA==}
    dev: false

  /ag-grid-svelte@0.3.0(ag-grid-community@30.2.0)(svelte@3.59.2):
    resolution: {integrity: sha512-jaEwHqhZPeNtPgXTlUQ7URVbuU1eGqkGs4L7S7aLPzfDJORmAOZQYmWmHEulTN9WpbGQstScS+ACyT07uUMXwQ==}
    peerDependencies:
      ag-grid-community: ^28 || ^29 || ^30
      svelte: ^3
    dependencies:
      ag-grid-community: 30.2.0
      svelte: 3.59.2
    dev: false

  /svelte@3.59.2:
    resolution: {integrity: sha512-vzSyuGr3eEoAtT/A6bmajosJZIUWySzY2CzB3w2pgPvnkUjGqlDnsNnA0PMO+mMAhuyMul6C2uuZzY6ELSkzyA==}
    engines: {node: '>= 8'}
    dev: false
